// !$*UTF8*$!
{
	archiveVersion = 1;
	classes = {
	};
	objectVersion = 77;
	objects = {

/* Begin PBXFileReference section */
		AA00000000000000000000A0 /* HaloNotch.app */ = {isa = PBXFileReference; explicitFileType = wrapper.application; includeInIndex = 0; path = HaloNotch.app; sourceTree = BUILT_PRODUCTS_DIR; };
		BB00000000000000000000A0 /* HaloNotchTests.xctest */ = {isa = PBXFileReference; explicitFileType = wrapper.cfbundle; includeInIndex = 0; path = HaloNotchTests.xctest; sourceTree = BUILT_PRODUCTS_DIR; };
/* End PBXFileReference section */

/* Begin PBXFileSystemSynchronizedRootGroup section */
		AA00000000000000000000B0 /* HaloNotch */ = {
			isa = PBXFileSystemSynchronizedRootGroup;
			path = HaloNotch;
			sourceTree = "<group>";
		};
		BB00000000000000000000B0 /* HaloNotchTests */ = {
			isa = PBXFileSystemSynchronizedRootGroup;
			path = HaloNotchTests;
			sourceTree = "<group>";
		};
/* End PBXFileSystemSynchronizedRootGroup section */

/* Begin PBXFrameworksBuildPhase section */
		AA00000000000000000000C0 /* Frameworks */ = {
			isa = PBXFrameworksBuildPhase;
			buildActionMask = 2147483647;
			files = (
			);
			runOnlyForDeploymentPostprocessing = 0;
		};
		BB00000000000000000000C0 /* Frameworks */ = {
			isa = PBXFrameworksBuildPhase;
			buildActionMask = 2147483647;
			files = (
			);
			runOnlyForDeploymentPostprocessing = 0;
		};
/* End PBXFrameworksBuildPhase section */

/* Begin PBXGroup section */
		AA00000000000000000000D0 = {
			isa = PBXGroup;
			children = (
				AA00000000000000000000B0 /* HaloNotch */,
				AA00000000000000000000D1 /* Products */,
			);
			sourceTree = "<group>";
		};
		AA00000000000000000000D1 /* Products */ = {
			isa = PBXGroup;
			children = (
				AA00000000000000000000A0 /* HaloNotch.app */,
				BB00000000000000000000A0 /* HaloNotchTests.xctest */,
			);
			name = Products;
			sourceTree = "<group>";
		};
/* End PBXGroup section */

/* Begin PBXNativeTarget section */
		AA00000000000000000000E0 /* HaloNotch */ = {
			isa = PBXNativeTarget;
			buildConfigurationList = AA00000000000000000000F0 /* Build configuration list for PBXNativeTarget "HaloNotch" */;
			buildPhases = (
				AA00000000000000000000C1 /* Sources */,
				AA00000000000000000000C0 /* Frameworks */,
				AA00000000000000000000C2 /* Resources */,
				AA00000000000000000000C3 /* Copy MediaRemote Adapter */,
			);
			buildRules = (
			);
			dependencies = (
			);
			fileSystemSynchronizedGroups = (
				AA00000000000000000000B0 /* HaloNotch */,
			);
			name = HaloNotch;
			productName = HaloNotch;
			productReference = AA00000000000000000000A0 /* HaloNotch.app */;
			productType = "com.apple.product-type.application";
		};
		BB00000000000000000000E0 /* HaloNotchTests */ = {
			isa = PBXNativeTarget;
			buildConfigurationList = BB00000000000000000000F0 /* Build configuration list for PBXNativeTarget "HaloNotchTests" */;
			buildPhases = (
				BB00000000000000000000C1 /* Sources */,
				BB00000000000000000000C0 /* Frameworks */,
				BB00000000000000000000C2 /* Resources */,
			);
			buildRules = (
			);
			dependencies = (
				BB00000000000000000000DE /* PBXTargetDependency */,
			);
			fileSystemSynchronizedGroups = (
				BB00000000000000000000B0 /* HaloNotchTests */,
			);
			name = HaloNotchTests;
			productName = HaloNotchTests;
			productReference = BB00000000000000000000A0 /* HaloNotchTests.xctest */;
			productType = "com.apple.product-type.bundle.unit-test";
		};
/* End PBXNativeTarget section */

/* Begin PBXTargetDependency section */
		BB00000000000000000000DE /* PBXTargetDependency */ = {
			isa = PBXTargetDependency;
			target = AA00000000000000000000E0 /* HaloNotch */;
			targetProxy = BB00000000000000000000DF /* PBXContainerItemProxy */;
		};
/* End PBXTargetDependency section */

/* Begin PBXContainerItemProxy section */
		BB00000000000000000000DF /* PBXContainerItemProxy */ = {
			isa = PBXContainerItemProxy;
			containerPortal = AA0000000000000000000100 /* Project object */;
			proxyType = 1;
			remoteGlobalIDString = AA00000000000000000000E0;
			remoteInfo = HaloNotch;
		};
/* End PBXContainerItemProxy section */

/* Begin PBXSourcesBuildPhase section */
		AA00000000000000000000C1 /* Sources */ = {
			isa = PBXSourcesBuildPhase;
			buildActionMask = 2147483647;
			files = (
			);
			runOnlyForDeploymentPostprocessing = 0;
		};
		BB00000000000000000000C1 /* Sources */ = {
			isa = PBXSourcesBuildPhase;
			buildActionMask = 2147483647;
			files = (
			);
			runOnlyForDeploymentPostprocessing = 0;
		};
/* End PBXSourcesBuildPhase section */

/* Begin PBXResourcesBuildPhase section */
		AA00000000000000000000C2 /* Resources */ = {
			isa = PBXResourcesBuildPhase;
			buildActionMask = 2147483647;
			files = (
			);
			runOnlyForDeploymentPostprocessing = 0;
		};
		BB00000000000000000000C2 /* Resources */ = {
			isa = PBXResourcesBuildPhase;
			buildActionMask = 2147483647;
			files = (
			);
			runOnlyForDeploymentPostprocessing = 0;
		};
/* End PBXResourcesBuildPhase section */

/* Begin PBXShellScriptBuildPhase section */
		AA00000000000000000000C3 /* Copy MediaRemote Adapter */ = {
			isa = PBXShellScriptBuildPhase;
			alwaysOutOfDate = 1;
			buildActionMask = 2147483647;
			files = (
			);
			inputPaths = (
			);
			name = "Copy MediaRemote Adapter";
			outputPaths = (
			);
			runOnlyForDeploymentPostprocessing = 0;
			shellPath = /bin/sh;
			shellScript = "set -e\nSRC=\"$SRCROOT/Adapter\"\nDEST=\"$BUILT_PRODUCTS_DIR/$CONTENTS_FOLDER_PATH/Resources/Adapter\"\nif [ -d \"$SRC\" ]; then\n  mkdir -p \"$DEST\"\n  /usr/bin/rsync -a --delete \"$SRC/\" \"$DEST/\"\n  /usr/bin/codesign --force --sign - \"$DEST/MediaRemoteAdapter.framework\" || true\nfi\n";
		};
/* End PBXShellScriptBuildPhase section */

/* Begin PBXProject section */
		AA0000000000000000000100 /* Project object */ = {
			isa = PBXProject;
			attributes = {
				BuildIndependentTargetsInParallel = 1;
				LastSwiftUpdateCheck = 2650;
				LastUpgradeCheck = 2650;
				TargetAttributes = {
					AA00000000000000000000E0 = {
						CreatedOnToolsVersion = 26.5;
					};
					BB00000000000000000000E0 = {
						CreatedOnToolsVersion = 26.5;
						TestTargetID = AA00000000000000000000E0;
					};
				};
			};
			buildConfigurationList = AA0000000000000000000101 /* Build configuration list for PBXProject "HaloNotch" */;
			compatibilityVersion = "Xcode 16.0";
			developmentRegion = en;
			hasScannedForEncodings = 0;
			knownRegions = (
				en,
				Base,
			);
			mainGroup = AA00000000000000000000D0;
			productRefGroup = AA00000000000000000000D1 /* Products */;
			projectDirPath = "";
			projectRoot = "";
			targets = (
				AA00000000000000000000E0 /* HaloNotch */,
				BB00000000000000000000E0 /* HaloNotchTests */,
			);
		};
/* End PBXProject section */

/* Begin XCBuildConfiguration section */
		AA0000000000000000000110 /* Debug */ = {
			isa = XCBuildConfiguration;
			buildSettings = {
				ALWAYS_SEARCH_USER_PATHS = NO;
				CLANG_ENABLE_OBJC_ARC = YES;
				COPY_PHASE_STRIP = NO;
				DEBUG_INFORMATION_FORMAT = dwarf;
				ENABLE_STRICT_OBJC_MSGSEND = YES;
				ENABLE_TESTABILITY = YES;
				GCC_OPTIMIZATION_LEVEL = 0;
				GCC_PREPROCESSOR_DEFINITIONS = (
					"DEBUG=1",
					"$(inherited)",
				);
				MTL_ENABLE_DEBUG_INFO = INCLUDE_SOURCE;
				ONLY_ACTIVE_ARCH = YES;
				SWIFT_ACTIVE_COMPILATION_CONDITIONS = "DEBUG $(inherited)";
				SWIFT_OPTIMIZATION_LEVEL = "-Onone";
			};
			name = Debug;
		};
		AA0000000000000000000111 /* Release */ = {
			isa = XCBuildConfiguration;
			buildSettings = {
				ALWAYS_SEARCH_USER_PATHS = NO;
				CLANG_ENABLE_OBJC_ARC = YES;
				COPY_PHASE_STRIP = NO;
				DEBUG_INFORMATION_FORMAT = "dwarf-with-dsym";
				ENABLE_NS_ASSERTIONS = NO;
				ENABLE_STRICT_OBJC_MSGSEND = YES;
				MTL_ENABLE_DEBUG_INFO = NO;
				SWIFT_COMPILATION_MODE = wholemodule;
				SWIFT_OPTIMIZATION_LEVEL = "-O";
			};
			name = Release;
		};
		AA0000000000000000000112 /* Debug */ = {
			isa = XCBuildConfiguration;
			buildSettings = {
				ASSETCATALOG_COMPILER_APPICON_NAME = AppIcon;
				ASSETCATALOG_COMPILER_GLOBAL_ACCENT_COLOR_NAME = AccentColor;
				CODE_SIGN_IDENTITY = "-";
				CODE_SIGN_STYLE = Manual;
				COMBINE_HIDPI_IMAGES = YES;
				CURRENT_PROJECT_VERSION = 1;
				DEVELOPMENT_TEAM = "";
				ENABLE_HARDENED_RUNTIME = NO;
				ENABLE_USER_SCRIPT_SANDBOXING = NO;
				GENERATE_INFOPLIST_FILE = YES;
				INFOPLIST_KEY_LSUIElement = YES;
				INFOPLIST_KEY_NSCalendarsUsageDescription = "HaloNotch shows your upcoming events in the notch.";
				INFOPLIST_KEY_NSCalendarsFullAccessUsageDescription = "HaloNotch shows your upcoming events in the notch.";
				INFOPLIST_KEY_NSHumanReadableCopyright = "";
				MACOSX_DEPLOYMENT_TARGET = 14.0;
				MARKETING_VERSION = 0.1.0;
				PRODUCT_BUNDLE_IDENTIFIER = name.halonotch.app;
				PRODUCT_NAME = "$(TARGET_NAME)";
				SWIFT_EMIT_LOC_STRINGS = YES;
				SWIFT_VERSION = 5.0;
			};
			name = Debug;
		};
		AA0000000000000000000113 /* Release */ = {
			isa = XCBuildConfiguration;
			buildSettings = {
				ASSETCATALOG_COMPILER_APPICON_NAME = AppIcon;
				ASSETCATALOG_COMPILER_GLOBAL_ACCENT_COLOR_NAME = AccentColor;
				CODE_SIGN_IDENTITY = "-";
				CODE_SIGN_STYLE = Manual;
				COMBINE_HIDPI_IMAGES = YES;
				CURRENT_PROJECT_VERSION = 1;
				DEVELOPMENT_TEAM = "";
				ENABLE_HARDENED_RUNTIME = NO;
				ENABLE_USER_SCRIPT_SANDBOXING = NO;
				GENERATE_INFOPLIST_FILE = YES;
				INFOPLIST_KEY_LSUIElement = YES;
				INFOPLIST_KEY_NSCalendarsUsageDescription = "HaloNotch shows your upcoming events in the notch.";
				INFOPLIST_KEY_NSCalendarsFullAccessUsageDescription = "HaloNotch shows your upcoming events in the notch.";
				INFOPLIST_KEY_NSHumanReadableCopyright = "";
				MACOSX_DEPLOYMENT_TARGET = 14.0;
				MARKETING_VERSION = 0.1.0;
				PRODUCT_BUNDLE_IDENTIFIER = name.halonotch.app;
				PRODUCT_NAME = "$(TARGET_NAME)";
				SWIFT_EMIT_LOC_STRINGS = YES;
				SWIFT_VERSION = 5.0;
			};
			name = Release;
		};
		BB00000000000000000000B2 /* Debug */ = {
			isa = XCBuildConfiguration;
			buildSettings = {
				BUNDLE_LOADER = "$(TEST_HOST)";
				CODE_SIGN_IDENTITY = "-";
				CODE_SIGN_STYLE = Manual;
				DEVELOPMENT_TEAM = "";
				GENERATE_INFOPLIST_FILE = YES;
				MACOSX_DEPLOYMENT_TARGET = 14.0;
				PRODUCT_BUNDLE_IDENTIFIER = name.halonotch.tests;
				PRODUCT_NAME = "$(TARGET_NAME)";
				SWIFT_VERSION = 5.0;
				TEST_HOST = "$(BUILT_PRODUCTS_DIR)/HaloNotch.app/Contents/MacOS/HaloNotch";
			};
			name = Debug;
		};
		BB00000000000000000000B3 /* Release */ = {
			isa = XCBuildConfiguration;
			buildSettings = {
				BUNDLE_LOADER = "$(TEST_HOST)";
				CODE_SIGN_IDENTITY = "-";
				CODE_SIGN_STYLE = Manual;
				DEVELOPMENT_TEAM = "";
				GENERATE_INFOPLIST_FILE = YES;
				MACOSX_DEPLOYMENT_TARGET = 14.0;
				PRODUCT_BUNDLE_IDENTIFIER = name.halonotch.tests;
				PRODUCT_NAME = "$(TARGET_NAME)";
				SWIFT_VERSION = 5.0;
				TEST_HOST = "$(BUILT_PRODUCTS_DIR)/HaloNotch.app/Contents/MacOS/HaloNotch";
			};
			name = Release;
		};
/* End XCBuildConfiguration section */

/* Begin XCConfigurationList section */
		AA0000000000000000000101 /* Build configuration list for PBXProject "HaloNotch" */ = {
			isa = XCConfigurationList;
			buildConfigurations = (
				AA0000000000000000000110 /* Debug */,
				AA0000000000000000000111 /* Release */,
			);
			defaultConfigurationIsVisible = 0;
			defaultConfigurationName = Release;
		};
		AA00000000000000000000F0 /* Build configuration list for PBXNativeTarget "HaloNotch" */ = {
			isa = XCConfigurationList;
			buildConfigurations = (
				AA0000000000000000000112 /* Debug */,
				AA0000000000000000000113 /* Release */,
			);
			defaultConfigurationIsVisible = 0;
			defaultConfigurationName = Release;
		};
		BB00000000000000000000F0 /* Build configuration list for PBXNativeTarget "HaloNotchTests" */ = {
			isa = XCConfigurationList;
			buildConfigurations = (
				BB00000000000000000000B2 /* Debug */,
				BB00000000000000000000B3 /* Release */,
			);
			defaultConfigurationIsVisible = 0;
			defaultConfigurationName = Release;
		};
/* End XCConfigurationList section */
	};
	rootObject = AA0000000000000000000100 /* Project object */;
}
